
Microsoft Visual Studio Solution File, Format Version 12.00
# Visual Studio Version 17
VisualStudioVersion = 17.7.34024.191
MinimumVisualStudioVersion = 10.0.40219.1
Project("{FAE04EC0-301F-11D3-BF4B-00C04F79EFBC}") = "TestApp1", "TestApp1\TestApp1.csproj", "{22BEDB27-0AE7-42BC-BD73-207AAF76A6E2}"
EndProject
Global
	GlobalSection(SolutionConfigurationPlatforms) = preSolution
		Debug|Any CPU = Debug|Any CPU
		Release|Any CPU = Release|Any CPU
	EndGlobalSection
	GlobalSection(ProjectConfigurationPlatforms) = postSolution
		{22BEDB27-0AE7-42BC-BD73-207AAF76A6E2}.Debug|Any CPU.ActiveCfg = Debug|Any CPU
		{22BEDB27-0AE7-42BC-BD73-207AAF76A6E2}.Debug|Any CPU.Build.0 = Debug|Any CPU
		{22BEDB27-0AE7-42BC-BD73-207AAF76A6E2}.Release|Any CPU.ActiveCfg = Release|Any CPU
		{22BEDB27-0AE7-42BC-BD73-207AAF76A6E2}.Release|Any CPU.Build.0 = Release|Any CPU
	EndGlobalSection
	GlobalSection(SolutionProperties) = preSolution
		HideSolutionNode = FALSE
	EndGlobalSection
	GlobalSection(ExtensibilityGlobals) = postSolution
		SolutionGuid = {CFB115F9-C375-49AC-98E0-95C9655F064E}
	EndGlobalSection
EndGlobal
